{
  "version": 4,
  "terraform_version": "1.3.6",
  "serial": 53,
  "lineage": "b4b871a1-2114-dc2e-b066-7ba49e1ea13e",
  "outputs": {},
  "resources": [
    {
      "mode": "managed",
      "type": "googleworkspace_group",
      "name": "devops",
      "provider": "provider[\"registry.terraform.io/hashicorp/googleworkspace\"]",
      "instances": [
        {
          "schema_version": 0,
          "attributes": {
            "admin_created": true,
            "aliases": null,
            "description": "Devops Group",
            "direct_members_count": 0,
            "email": "devops@rodrigodinizcloud.com.br",
            "etag": "\"Ijs_E1v1lOoUAGfBfoJ1wDRa7fLui5sFSXPCMh6zUfw/HXxLUO1pLSQJqv1d4sbRFrzNKoo\"",
            "id": "0147n2zr3ws2szl",
            "name": "Devops",
            "non_editable_aliases": [],
            "timeouts": {
              "create": "1m",
              "update": "1m"
            }
          },
          "sensitive_attributes": [],
          "private": "eyJlMmJmYjczMC1lY2FhLTExZTYtOGY4OC0zNDM2M2JjN2M0YzAiOnsiY3JlYXRlIjo2MDAwMDAwMDAwMCwidXBkYXRlIjo2MDAwMDAwMDAwMH19"
        }
      ]
    },
    {
      "mode": "managed",
      "type": "googleworkspace_group",
      "name": "financeiro",
      "provider": "provider[\"registry.terraform.io/hashicorp/googleworkspace\"]",
      "instances": [
        {
          "schema_version": 0,
          "attributes": {
            "admin_created": true,
            "aliases": null,
            "description": "Financeiro Group",
            "direct_members_count": 0,
            "email": "financeiro@rodrigodinizcloud.com.br",
            "etag": "\"Ijs_E1v1lOoUAGfBfoJ1wDRa7fLui5sFSXPCMh6zUfw/5UnQZMZtx8VpxYp-llj4Zt779oo\"",
            "id": "045jfvxd2gec176",
            "name": "Financeiro",
            "non_editable_aliases": [],
            "timeouts": {
              "create": "1m",
              "update": "1m"
            }
          },
          "sensitive_attributes": [],
          "private": "eyJlMmJmYjczMC1lY2FhLTExZTYtOGY4OC0zNDM2M2JjN2M0YzAiOnsiY3JlYXRlIjo2MDAwMDAwMDAwMCwidXBkYXRlIjo2MDAwMDAwMDAwMH19"
        }
      ]
    },
    {
      "mode": "managed",
      "type": "googleworkspace_group_member",
      "name": "financeiro",
      "provider": "provider[\"registry.terraform.io/hashicorp/googleworkspace\"]",
      "instances": [
        {
          "schema_version": 0,
          "attributes": {
            "delivery_settings": "ALL_MAIL",
            "email": "joao@rodrigodinizcloud.com.br",
            "etag": "\"Ijs_E1v1lOoUAGfBfoJ1wDRa7fLui5sFSXPCMh6zUfw/_EAyfQDbDISmnoWvNtFnS2yNKKY\"",
            "group_id": "045jfvxd2gec176",
            "id": "groups/045jfvxd2gec176/members/118141527188122082929",
            "member_id": "118141527188122082929",
            "role": "MANAGER",
            "status": "ACTIVE",
            "timeouts": null,
            "type": "USER"
          },
          "sensitive_attributes": [],
          "private": "eyJlMmJmYjczMC1lY2FhLTExZTYtOGY4OC0zNDM2M2JjN2M0YzAiOnsiY3JlYXRlIjozMDAwMDAwMDAwMDAsInVwZGF0ZSI6MzAwMDAwMDAwMDAwfX0=",
          "dependencies": [
            "googleworkspace_group.financeiro",
            "googleworkspace_user.joao"
          ]
        }
      ]
    },
    {
      "mode": "managed",
      "type": "googleworkspace_group_members",
      "name": "devops",
      "provider": "provider[\"registry.terraform.io/hashicorp/googleworkspace\"]",
      "instances": [
        {
          "schema_version": 0,
          "attributes": {
            "etag": null,
            "group_id": "0147n2zr3ws2szl",
            "id": "groups/0147n2zr3ws2szl",
            "members": [
              {
                "delivery_settings": "ALL_MAIL",
                "email": "joao@rodrigodinizcloud.com.br",
                "id": "118141527188122082929",
                "role": "MEMBER",
                "status": "ACTIVE",
                "type": "USER"
              },
              {
                "delivery_settings": "ALL_MAIL",
                "email": "lucas@rodrigodinizcloud.com.br",
                "id": "100428596771789368322",
                "role": "MANAGER",
                "status": "ACTIVE",
                "type": "USER"
              }
            ]
          },
          "sensitive_attributes": [],
          "private": "bnVsbA==",
          "dependencies": [
            "googleworkspace_group.devops",
            "googleworkspace_user.joao",
            "googleworkspace_user.lucas"
          ]
        }
      ]
    },
    {
      "mode": "managed",
      "type": "googleworkspace_user",
      "name": "joao",
      "provider": "provider[\"registry.terraform.io/hashicorp/googleworkspace\"]",
      "instances": [
        {
          "schema_version": 0,
          "attributes": {
            "addresses": [],
            "agreed_to_terms": false,
            "aliases": null,
            "archived": false,
            "change_password_at_next_login": false,
            "creation_time": "2023-01-30T22:19:08.000Z",
            "custom_schemas": [],
            "customer_id": "C00hsqe28",
            "deletion_time": "",
            "emails": [
              {
                "address": "joao@rodrigodinizcloud.com.br",
                "custom_type": "",
                "primary": true,
                "type": ""
              }
            ],
            "etag": "\"Ijs_E1v1lOoUAGfBfoJ1wDRa7fLui5sFSXPCMh6zUfw/oWKrbmidjG6w9T5yaYe9ARzEMI0\"",
            "external_ids": [],
            "hash_function": "MD5",
            "id": "118141527188122082929",
            "ims": [],
            "include_in_global_address_list": true,
            "ip_allowlist": false,
            "is_admin": false,
            "is_delegated_admin": false,
            "is_enforced_in_2_step_verification": false,
            "is_enrolled_in_2_step_verification": false,
            "is_mailbox_setup": false,
            "keywords": [],
            "languages": [
              {
                "custom_language": "",
                "language_code": "pt",
                "preference": "preferred"
              },
              {
                "custom_language": "",
                "language_code": "pt_BR",
                "preference": "preferred"
              }
            ],
            "last_login_time": "1970-01-01T00:00:00.000Z",
            "locations": [],
            "name": [
              {
                "family_name": "Ninguem",
                "full_name": "Joao Ninguem",
                "given_name": "Joao"
              }
            ],
            "non_editable_aliases": [],
            "org_unit_path": "/",
            "organizations": [],
            "password": "8770353ab5c20895b2f95075ba90541e",
            "phones": [],
            "posix_accounts": [],
            "primary_email": "joao@rodrigodinizcloud.com.br",
            "recovery_email": "",
            "recovery_phone": "",
            "relations": [],
            "ssh_public_keys": [],
            "suspended": false,
            "suspension_reason": "",
            "thumbnail_photo_etag": "",
            "thumbnail_photo_url": "",
            "timeouts": null,
            "websites": []
          },
          "sensitive_attributes": [],
          "private": "eyJlMmJmYjczMC1lY2FhLTExZTYtOGY4OC0zNDM2M2JjN2M0YzAiOnsiY3JlYXRlIjozMDAwMDAwMDAwMDAsInVwZGF0ZSI6MzAwMDAwMDAwMDAwfX0="
        }
      ]
    },
    {
      "mode": "managed",
      "type": "googleworkspace_user",
      "name": "lucas",
      "provider": "provider[\"registry.terraform.io/hashicorp/googleworkspace\"]",
      "instances": [
        {
          "schema_version": 0,
          "attributes": {
            "addresses": [],
            "agreed_to_terms": false,
            "aliases": null,
            "archived": false,
            "change_password_at_next_login": false,
            "creation_time": "2023-01-30T22:19:08.000Z",
            "custom_schemas": [],
            "customer_id": "C00hsqe28",
            "deletion_time": "",
            "emails": [
              {
                "address": "lucas@rodrigodinizcloud.com.br",
                "custom_type": "",
                "primary": true,
                "type": ""
              }
            ],
            "etag": "\"Ijs_E1v1lOoUAGfBfoJ1wDRa7fLui5sFSXPCMh6zUfw/hwAJwiVowVzwl5AU-c4shohyZTI\"",
            "external_ids": [],
            "hash_function": "MD5",
            "id": "100428596771789368322",
            "ims": [],
            "include_in_global_address_list": true,
            "ip_allowlist": false,
            "is_admin": false,
            "is_delegated_admin": false,
            "is_enforced_in_2_step_verification": false,
            "is_enrolled_in_2_step_verification": false,
            "is_mailbox_setup": false,
            "keywords": [],
            "languages": [
              {
                "custom_language": "",
                "language_code": "pt",
                "preference": "preferred"
              },
              {
                "custom_language": "",
                "language_code": "pt_BR",
                "preference": "preferred"
              }
            ],
            "last_login_time": "1970-01-01T00:00:00.000Z",
            "locations": [],
            "name": [
              {
                "family_name": "Diniz",
                "full_name": "Lucas Diniz",
                "given_name": "Lucas"
              }
            ],
            "non_editable_aliases": [],
            "org_unit_path": "/",
            "organizations": [],
            "password": "8770353ab5c20895b2f95075ba90541e",
            "phones": [],
            "posix_accounts": [],
            "primary_email": "lucas@rodrigodinizcloud.com.br",
            "recovery_email": "",
            "recovery_phone": "",
            "relations": [],
            "ssh_public_keys": [],
            "suspended": false,
            "suspension_reason": "",
            "thumbnail_photo_etag": "",
            "thumbnail_photo_url": "",
            "timeouts": null,
            "websites": []
          },
          "sensitive_attributes": [],
          "private": "eyJlMmJmYjczMC1lY2FhLTExZTYtOGY4OC0zNDM2M2JjN2M0YzAiOnsiY3JlYXRlIjozMDAwMDAwMDAwMDAsInVwZGF0ZSI6MzAwMDAwMDAwMDAwfX0="
        }
      ]
    }
  ],
  "check_results": null
}
